
Microsoft Visual Studio Solution File, Format Version 12.00
# Visual Studio Version 17
VisualStudioVersion = 17.5.2.0
MinimumVisualStudioVersion = 10.0.40219.1
Project("{FAE04EC0-301F-11D3-BF4B-00C04F79EFBC}") = "AzdoMCP", "AzdoMCP\AzdoMCP.csproj", "{FCF61BAD-D40B-4A60-9944-652CDCDA8DC5}"
EndProject
Project("{FAE04EC0-301F-11D3-BF4B-00C04F79EFBC}") = "MCP.Services", "MCP.Services\MCP.Services.csproj", "{D59C37B8-AF1F-409A-8DEE-2282554BFD8C}"
EndProject
Global
	GlobalSection(SolutionConfigurationPlatforms) = preSolution
		Debug|Any CPU = Debug|Any CPU
		Debug|x64 = Debug|x64
		Debug|x86 = Debug|x86
		Release|Any CPU = Release|Any CPU
		Release|x64 = Release|x64
		Release|x86 = Release|x86
	EndGlobalSection
	GlobalSection(ProjectConfigurationPlatforms) = postSolution
		{FCF61BAD-D40B-4A60-9944-652CDCDA8DC5}.Debug|Any CPU.ActiveCfg = Debug|Any CPU
		{FCF61BAD-D40B-4A60-9944-652CDCDA8DC5}.Debug|Any CPU.Build.0 = Debug|Any CPU
		{FCF61BAD-D40B-4A60-9944-652CDCDA8DC5}.Debug|x64.ActiveCfg = Debug|Any CPU
		{FCF61BAD-D40B-4A60-9944-652CDCDA8DC5}.Debug|x64.Build.0 = Debug|Any CPU
		{FCF61BAD-D40B-4A60-9944-652CDCDA8DC5}.Debug|x86.ActiveCfg = Debug|Any CPU
		{FCF61BAD-D40B-4A60-9944-652CDCDA8DC5}.Debug|x86.Build.0 = Debug|Any CPU
		{FCF61BAD-D40B-4A60-9944-652CDCDA8DC5}.Release|Any CPU.ActiveCfg = Release|Any CPU
		{FCF61BAD-D40B-4A60-9944-652CDCDA8DC5}.Release|Any CPU.Build.0 = Release|Any CPU
		{FCF61BAD-D40B-4A60-9944-652CDCDA8DC5}.Release|x64.ActiveCfg = Release|Any CPU
		{FCF61BAD-D40B-4A60-9944-652CDCDA8DC5}.Release|x64.Build.0 = Release|Any CPU
		{FCF61BAD-D40B-4A60-9944-652CDCDA8DC5}.Release|x86.ActiveCfg = Release|Any CPU
		{FCF61BAD-D40B-4A60-9944-652CDCDA8DC5}.Release|x86.Build.0 = Release|Any CPU
		{D59C37B8-AF1F-409A-8DEE-2282554BFD8C}.Debug|Any CPU.ActiveCfg = Debug|Any CPU
		{D59C37B8-AF1F-409A-8DEE-2282554BFD8C}.Debug|Any CPU.Build.0 = Debug|Any CPU
		{D59C37B8-AF1F-409A-8DEE-2282554BFD8C}.Debug|x64.ActiveCfg = Debug|Any CPU
		{D59C37B8-AF1F-409A-8DEE-2282554BFD8C}.Debug|x64.Build.0 = Debug|Any CPU
		{D59C37B8-AF1F-409A-8DEE-2282554BFD8C}.Debug|x86.ActiveCfg = Debug|Any CPU
		{D59C37B8-AF1F-409A-8DEE-2282554BFD8C}.Debug|x86.Build.0 = Debug|Any CPU
		{D59C37B8-AF1F-409A-8DEE-2282554BFD8C}.Release|Any CPU.ActiveCfg = Release|Any CPU
		{D59C37B8-AF1F-409A-8DEE-2282554BFD8C}.Release|Any CPU.Build.0 = Release|Any CPU
		{D59C37B8-AF1F-409A-8DEE-2282554BFD8C}.Release|x64.ActiveCfg = Release|Any CPU
		{D59C37B8-AF1F-409A-8DEE-2282554BFD8C}.Release|x64.Build.0 = Release|Any CPU
		{D59C37B8-AF1F-409A-8DEE-2282554BFD8C}.Release|x86.ActiveCfg = Release|Any CPU
		{D59C37B8-AF1F-409A-8DEE-2282554BFD8C}.Release|x86.Build.0 = Release|Any CPU
	EndGlobalSection
	GlobalSection(SolutionProperties) = preSolution
		HideSolutionNode = FALSE
	EndGlobalSection
	GlobalSection(ExtensibilityGlobals) = postSolution
		SolutionGuid = {2CD8B172-98EB-4EAF-9583-87B1AF9C62B2}
	EndGlobalSection
EndGlobal
